// !$*UTF8*$!
{
	archiveVersion = 1;
	classes = {
	};
	objectVersion = 50;
	objects = {

/* Begin PBXBuildFile section */
		AFFBB9D721BF56DC0056D106 /* AppDelegate.swift in Sources */ = {isa = PBXBuildFile; fileRef = AFFBB9D621BF56DC0056D106 /* AppDelegate.swift */; };
		AFFBB9D921BF56DC0056D106 /* ViewController.swift in Sources */ = {isa = PBXBuildFile; fileRef = AFFBB9D821BF56DC0056D106 /* ViewController.swift */; };
		AFFBB9DC21BF56DC0056D106 /* Main.storyboard in Resources */ = {isa = PBXBuildFile; fileRef = AFFBB9DA21BF56DC0056D106 /* Main.storyboard */; };
		AFFBB9DE21BF56DD0056D106 /* Assets.xcassets in Resources */ = {isa = PBXBuildFile; fileRef = AFFBB9DD21BF56DD0056D106 /* Assets.xcassets */; };
		AFFBB9E121BF56DD0056D106 /* LaunchScreen.storyboard in Resources */ = {isa = PBXBuildFile; fileRef = AFFBB9DF21BF56DD0056D106 /* LaunchScreen.storyboard */; };
/* End PBXBuildFile section */

/* Begin PBXFileReference section */
		AFFBB9D321BF56DC0056D106 /* SwiftRequest.app */ = {isa = PBXFileReference; explicitFileType = wrapper.application; includeInIndex = 0; path = SwiftRequest.app; sourceTree = BUILT_PRODUCTS_DIR; };
		AFFBB9D621BF56DC0056D106 /* AppDelegate.swift */ = {isa = PBXFileReference; lastKnownFileType = sourcecode.swift; path = AppDelegate.swift; sourceTree = "<group>"; };
		AFFBB9D821BF56DC0056D106 /* ViewController.swift */ = {isa = PBXFileReference; lastKnownFileType = sourcecode.swift; path = ViewController.swift; sourceTree = "<group>"; };
		AFFBB9DB21BF56DC0056D106 /* Base */ = {isa = PBXFileReference; lastKnownFileType = file.storyboard; name = Base; path = Base.lproj/Main.storyboard; sourceTree = "<group>"; };
		AFFBB9DD21BF56DD0056D106 /* Assets.xcassets */ = {isa = PBXFileReference; lastKnownFileType = folder.assetcatalog; path = Assets.xcassets; sourceTree = "<group>"; };
		AFFBB9E021BF56DD0056D106 /* Base */ = {isa = PBXFileReference; lastKnownFileType = file.storyboard; name = Base; path = Base.lproj/LaunchScreen.storyboard; sourceTree = "<group>"; };
		AFFBB9E221BF56DD0056D106 /* Info.plist */ = {isa = PBXFileReference; lastKnownFileType = text.plist.xml; path = Info.plist; sourceTree = "<group>"; };
/* End PBXFileReference section */

/* Begin PBXFrameworksBuildPhase section */
		AFFBB9D021BF56DC0056D106 /* Frameworks */ = {
			isa = PBXFrameworksBuildPhase;
			buildActionMask = 2147483647;
			files = (
			);
			runOnlyForDeploymentPostprocessing = 0;
		};
/* End PBXFrameworksBuildPhase section */

/* Begin PBXGroup section */
		AFFBB9CA21BF56DC0056D106 = {
			isa = PBXGroup;
			children = (
				AFFBB9D521BF56DC0056D106 /* SwiftRequest */,
				AFFBB9D421BF56DC0056D106 /* Products */,
			);
			sourceTree = "<group>";
		};
		AFFBB9D421BF56DC0056D106 /* Products */ = {
			isa = PBXGroup;
			children = (
				AFFBB9D321BF56DC0056D106 /* SwiftRequest.app */,
			);
			name = Products;
			sourceTree = "<group>";
		};
		AFFBB9D521BF56DC0056D106 /* SwiftRequest */ = {
			isa = PBXGroup;
			children = (
				AFFBB9E821BF5D200056D106 /* Networking */,
				AFFBB9D621BF56DC0056D106 /* AppDelegate.swift */,
				AFFBB9D821BF56DC0056D106 /* ViewController.swift */,
				AFFBB9DA21BF56DC0056D106 /* Main.storyboard */,
				AFFBB9DD21BF56DD0056D106 /* Assets.xcassets */,
				AFFBB9DF21BF56DD0056D106 /* LaunchScreen.storyboard */,
				AFFBB9E221BF56DD0056D106 /* Info.plist */,
			);
			path = SwiftRequest;
			sourceTree = "<group>";
		};
		AFFBB9E821BF5D200056D106 /* Networking */ = {
			isa = PBXGroup;
			children = (
			);
			path = Networking;
			sourceTree = "<group>";
		};
/* End PBXGroup section */

/* Begin PBXNativeTarget section */
		AFFBB9D221BF56DC0056D106 /* SwiftRequest */ = {
			isa = PBXNativeTarget;
			buildConfigurationList = AFFBB9E521BF56DD0056D106 /* Build configuration list for PBXNativeTarget "SwiftRequest" */;
			buildPhases = (
				AFFBB9CF21BF56DC0056D106 /* Sources */,
				AFFBB9D021BF56DC0056D106 /* Frameworks */,
				AFFBB9D121BF56DC0056D106 /* Resources */,
			);
			buildRules = (
			);
			dependencies = (
			);
			name = SwiftRequest;
			productName = SwiftRequest;
			productReference = AFFBB9D321BF56DC0056D106 /* SwiftRequest.app */;
			productType = "com.apple.product-type.application";
		};
/* End PBXNativeTarget section */

/* Begin PBXProject section */
		AFFBB9CB21BF56DC0056D106 /* Project object */ = {
			isa = PBXProject;
			attributes = {
				LastSwiftUpdateCheck = 1010;
				LastUpgradeCheck = 1010;
				ORGANIZATIONNAME = xiaowinner;
				TargetAttributes = {
					AFFBB9D221BF56DC0056D106 = {
						CreatedOnToolsVersion = 10.1;
					};
				};
			};
			buildConfigurationList = AFFBB9CE21BF56DC0056D106 /* Build configuration list for PBXProject "SwiftRequest" */;
			compatibilityVersion = "Xcode 9.3";
			developmentRegion = en;
			hasScannedForEncodings = 0;
			knownRegions = (
				en,
				Base,
			);
			mainGroup = AFFBB9CA21BF56DC0056D106;
			productRefGroup = AFFBB9D421BF56DC0056D106 /* Products */;
			projectDirPath = "";
			projectRoot = "";
			targets = (
				AFFBB9D221BF56DC0056D106 /* SwiftRequest */,
			);
		};
/* End PBXProject section */

/* Begin PBXResourcesBuildPhase section */
		AFFBB9D121BF56DC0056D106 /* Resources */ = {
			isa = PBXResourcesBuildPhase;
			buildActionMask = 2147483647;
			files = (
				AFFBB9E121BF56DD0056D106 /* LaunchScreen.storyboard in Resources */,
				AFFBB9DE21BF56DD0056D106 /* Assets.xcassets in Resources */,
				AFFBB9DC21BF56DC0056D106 /* Main.storyboard in Resources */,
			);
			runOnlyForDeploymentPostprocessing = 0;
		};
/* End PBXResourcesBuildPhase section */

/* Begin PBXSourcesBuildPhase section */
		AFFBB9CF21BF56DC0056D106 /* Sources */ = {
			isa = PBXSourcesBuildPhase;
			buildActionMask = 2147483647;
			files = (
				AFFBB9D921BF56DC0056D106 /* ViewController.swift in Sources */,
				AFFBB9D721BF56DC0056D106 /* AppDelegate.swift in Sources */,
			);
			runOnlyForDeploymentPostprocessing = 0;
		};
/* End PBXSourcesBuildPhase section */

/* Begin PBXVariantGroup section */
		AFFBB9DA21BF56DC0056D106 /* Main.storyboard */ = {
			isa = PBXVariantGroup;
			children = (
				AFFBB9DB21BF56DC0056D106 /* Base */,
			);
			name = Main.storyboard;
			sourceTree = "<group>";
		};
		AFFBB9DF21BF56DD0056D106 /* LaunchScreen.storyboard */ = {
			isa = PBXVariantGroup;
			children = (
				AFFBB9E021BF56DD0056D106 /* Base */,
			);
			name = LaunchScreen.storyboard;
			sourceTree = "<group>";
		};
/* End PBXVariantGroup section */

/* Begin XCBuildConfiguration section */
		AFFBB9E321BF56DD0056D106 /* Debug */ = {
			isa = XCBuildConfiguration;
			buildSettings = {
				ALWAYS_SEARCH_USER_PATHS = NO;
				CLANG_ANALYZER_NONNULL = YES;
				CLANG_ANALYZER_NUMBER_OBJECT_CONVERSION = YES_AGGRESSIVE;
				CLANG_CXX_LANGUAGE_STANDARD = "gnu++14";
				CLANG_CXX_LIBRARY = "libc++";
				CLANG_ENABLE_MODULES = YES;
				CLANG_ENABLE_OBJC_ARC = YES;
				CLANG_ENABLE_OBJC_WEAK = YES;
				CLANG_WARN_BLOCK_CAPTURE_AUTORELEASING = YES;
				CLANG_WARN_BOOL_CONVERSION = YES;
				CLANG_WARN_COMMA = YES;
				CLANG_WARN_CONSTANT_CONVERSION = YES;
				CLANG_WARN_DEPRECATED_OBJC_IMPLEMENTATIONS = YES;
				CLANG_WARN_DIRECT_OBJC_ISA_USAGE = YES_ERROR;
				CLANG_WARN_DOCUMENTATION_COMMENTS = YES;
				CLANG_WARN_EMPTY_BODY = YES;
				CLANG_WARN_ENUM_CONVERSION = YES;
				CLANG_WARN_INFINITE_RECURSION = YES;
				CLANG_WARN_INT_CONVERSION = YES;
				CLANG_WARN_NON_LITERAL_NULL_CONVERSION = YES;
				CLANG_WARN_OBJC_IMPLICIT_RETAIN_SELF = YES;
				CLANG_WARN_OBJC_LITERAL_CONVERSION = YES;
				CLANG_WARN_OBJC_ROOT_CLASS = YES_ERROR;
				CLANG_WARN_RANGE_LOOP_ANALYSIS = YES;
				CLANG_WARN_STRICT_PROTOTYPES = YES;
				CLANG_WARN_SUSPICIOUS_MOVE = YES;
				CLANG_WARN_UNGUARDED_AVAILABILITY = YES_AGGRESSIVE;
				CLANG_WARN_UNREACHABLE_CODE = YES;
				CLANG_WARN__DUPLICATE_METHOD_MATCH = YES;
				CODE_SIGN_IDENTITY = "iPhone Developer";
				COPY_PHASE_STRIP = NO;
				DEBUG_INFORMATION_FORMAT = dwarf;
				ENABLE_STRICT_OBJC_MSGSEND = YES;
				ENABLE_TESTABILITY = YES;
				GCC_C_LANGUAGE_STANDARD = gnu11;
				GCC_DYNAMIC_NO_PIC = NO;
				GCC_NO_COMMON_BLOCKS = YES;
				GCC_OPTIMIZATION_LEVEL = 0;
				GCC_PREPROCESSOR_DEFINITIONS = (
					"DEBUG=1",
					"$(inherited)",
				);
				GCC_WARN_64_TO_32_BIT_CONVERSION = YES;
				GCC_WARN_ABOUT_RETURN_TYPE = YES_ERROR;
				GCC_WARN_UNDECLARED_SELECTOR = YES;
				GCC_WARN_UNINITIALIZED_AUTOS = YES_AGGRESSIVE;
				GCC_WARN_UNUSED_FUNCTION = YES;
				GCC_WARN_UNUSED_VARIABLE = YES;
				IPHONEOS_DEPLOYMENT_TARGET = 12.1;
				MTL_ENABLE_DEBUG_INFO = INCLUDE_SOURCE;
				MTL_FAST_MATH = YES;
				ONLY_ACTIVE_ARCH = YES;
				SDKROOT = iphoneos;
				SWIFT_ACTIVE_COMPILATION_CONDITIONS = DEBUG;
				SWIFT_OPTIMIZATION_LEVEL = "-Onone";
			};
			name = Debug;
		};
		AFFBB9E421BF56DD0056D106 /* Release */ = {
			isa = XCBuildConfiguration;
			buildSettings = {
				ALWAYS_SEARCH_USER_PATHS = NO;
				CLANG_ANALYZER_NONNULL = YES;
				CLANG_ANALYZER_NUMBER_OBJECT_CONVERSION = YES_AGGRESSIVE;
				CLANG_CXX_LANGUAGE_STANDARD = "gnu++14";
				CLANG_CXX_LIBRARY = "libc++";
				CLANG_ENABLE_MODULES = YES;
				CLANG_ENABLE_OBJC_ARC = YES;
				CLANG_ENABLE_OBJC_WEAK = YES;
				CLANG_WARN_BLOCK_CAPTURE_AUTORELEASING = YES;
				CLANG_WARN_BOOL_CONVERSION = YES;
				CLANG_WARN_COMMA = YES;
				CLANG_WARN_CONSTANT_CONVERSION = YES;
				CLANG_WARN_DEPRECATED_OBJC_IMPLEMENTATIONS = YES;
				CLANG_WARN_DIRECT_OBJC_ISA_USAGE = YES_ERROR;
				CLANG_WARN_DOCUMENTATION_COMMENTS = YES;
				CLANG_WARN_EMPTY_BODY = YES;
				CLANG_WARN_ENUM_CONVERSION = YES;
				CLANG_WARN_INFINITE_RECURSION = YES;
				CLANG_WARN_INT_CONVERSION = YES;
				CLANG_WARN_NON_LITERAL_NULL_CONVERSION = YES;
				CLANG_WARN_OBJC_IMPLICIT_RETAIN_SELF = YES;
				CLANG_WARN_OBJC_LITERAL_CONVERSION = YES;
				CLANG_WARN_OBJC_ROOT_CLASS = YES_ERROR;
				CLANG_WARN_RANGE_LOOP_ANALYSIS = YES;
				CLANG_WARN_STRICT_PROTOTYPES = YES;
				CLANG_WARN_SUSPICIOUS_MOVE = YES;
				CLANG_WARN_UNGUARDED_AVAILABILITY = YES_AGGRESSIVE;
				CLANG_WARN_UNREACHABLE_CODE = YES;
				CLANG_WARN__DUPLICATE_METHOD_MATCH = YES;
				CODE_SIGN_IDENTITY = "iPhone Developer";
				COPY_PHASE_STRIP = NO;
				DEBUG_INFORMATION_FORMAT = "dwarf-with-dsym";
				ENABLE_NS_ASSERTIONS = NO;
				ENABLE_STRICT_OBJC_MSGSEND = YES;
				GCC_C_LANGUAGE_STANDARD = gnu11;
				GCC_NO_COMMON_BLOCKS = YES;
				GCC_WARN_64_TO_32_BIT_CONVERSION = YES;
				GCC_WARN_ABOUT_RETURN_TYPE = YES_ERROR;
				GCC_WARN_UNDECLARED_SELECTOR = YES;
				GCC_WARN_UNINITIALIZED_AUTOS = YES_AGGRESSIVE;
				GCC_WARN_UNUSED_FUNCTION = YES;
				GCC_WARN_UNUSED_VARIABLE = YES;
				IPHONEOS_DEPLOYMENT_TARGET = 12.1;
				MTL_ENABLE_DEBUG_INFO = NO;
				MTL_FAST_MATH = YES;
				SDKROOT = iphoneos;
				SWIFT_COMPILATION_MODE = wholemodule;
				SWIFT_OPTIMIZATION_LEVEL = "-O";
				VALIDATE_PRODUCT = YES;
			};
			name = Release;
		};
		AFFBB9E621BF56DD0056D106 /* Debug */ = {
			isa = XCBuildConfiguration;
			buildSettings = {
				ASSETCATALOG_COMPILER_APPICON_NAME = AppIcon;
				CODE_SIGN_STYLE = Automatic;
				DEVELOPMENT_TEAM = N5XKP8RSU6;
				INFOPLIST_FILE = SwiftRequest/Info.plist;
				LD_RUNPATH_SEARCH_PATHS = (
					"$(inherited)",
					"@executable_path/Frameworks",
				);
				PRODUCT_BUNDLE_IDENTIFIER = com.xiaowinner.SwiftRequest;
				PRODUCT_NAME = "$(TARGET_NAME)";
				SWIFT_VERSION = 4.2;
				TARGETED_DEVICE_FAMILY = "1,2";
			};
			name = Debug;
		};
		AFFBB9E721BF56DD0056D106 /* Release */ = {
			isa = XCBuildConfiguration;
			buildSettings = {
				ASSETCATALOG_COMPILER_APPICON_NAME = AppIcon;
				CODE_SIGN_STYLE = Automatic;
				DEVELOPMENT_TEAM = N5XKP8RSU6;
				INFOPLIST_FILE = SwiftRequest/Info.plist;
				LD_RUNPATH_SEARCH_PATHS = (
					"$(inherited)",
					"@executable_path/Frameworks",
				);
				PRODUCT_BUNDLE_IDENTIFIER = com.xiaowinner.SwiftRequest;
				PRODUCT_NAME = "$(TARGET_NAME)";
				SWIFT_VERSION = 4.2;
				TARGETED_DEVICE_FAMILY = "1,2";
			};
			name = Release;
		};
/* End XCBuildConfiguration section */

/* Begin XCConfigurationList section */
		AFFBB9CE21BF56DC0056D106 /* Build configuration list for PBXProject "SwiftRequest" */ = {
			isa = XCConfigurationList;
			buildConfigurations = (
				AFFBB9E321BF56DD0056D106 /* Debug */,
				AFFBB9E421BF56DD0056D106 /* Release */,
			);
			defaultConfigurationIsVisible = 0;
			defaultConfigurationName = Release;
		};
		AFFBB9E521BF56DD0056D106 /* Build configuration list for PBXNativeTarget "SwiftRequest" */ = {
			isa = XCConfigurationList;
			buildConfigurations = (
				AFFBB9E621BF56DD0056D106 /* Debug */,
				AFFBB9E721BF56DD0056D106 /* Release */,
			);
			defaultConfigurationIsVisible = 0;
			defaultConfigurationName = Release;
		};
/* End XCConfigurationList section */
	};
	rootObject = AFFBB9CB21BF56DC0056D106 /* Project object */;
}
